
Microsoft Visual Studio Solution File, Format Version 12.00
# Visual Studio 14
VisualStudioVersion = 14.0.25123.0
MinimumVisualStudioVersion = 10.0.40219.1
Project("{FAE04EC0-301F-11D3-BF4B-00C04F79EFBC}") = "Norma", "Norma\Norma.csproj", "{B82381F5-A5A1-42FF-990E-E8EC03C06583}"
EndProject
Project("{FAE04EC0-301F-11D3-BF4B-00C04F79EFBC}") = "Norma.Gamma", "Norma.Gamma\Norma.Gamma.csproj", "{3548E32A-9374-45A5-9D37-8BDE1520B055}"
EndProject
Project("{2150E333-8FDC-42A3-9474-1A3956D46DE8}") = "SolutionItems", "SolutionItems", "{2DA43B35-41AA-42A6-A58A-8780AAF4B406}"
	ProjectSection(SolutionItems) = preProject
		.gitattributes = .gitattributes
		.gitignore = .gitignore
		LICENSE = LICENSE
		README.md = README.md
	EndProjectSection
EndProject
Project("{2150E333-8FDC-42A3-9474-1A3956D46DE8}") = "scripts", "scripts", "{26CAC58D-DD2E-4942-B7DC-C60C58813131}"
	ProjectSection(SolutionItems) = preProject
		scripts\dist.ps1 = scripts\dist.ps1
	EndProjectSection
EndProject
Project("{FAE04EC0-301F-11D3-BF4B-00C04F79EFBC}") = "Norma.Ipsilon", "Norma.Ipsilon\Norma.Ipsilon.csproj", "{6BB77E58-D783-44C9-92A9-2A1F237D7A60}"
EndProject
Global
	GlobalSection(SolutionConfigurationPlatforms) = preSolution
		Debug|Any CPU = Debug|Any CPU
		Debug|x64 = Debug|x64
		Debug|x86 = Debug|x86
		Release|Any CPU = Release|Any CPU
		Release|x64 = Release|x64
		Release|x86 = Release|x86
	EndGlobalSection
	GlobalSection(ProjectConfigurationPlatforms) = postSolution
		{B82381F5-A5A1-42FF-990E-E8EC03C06583}.Debug|Any CPU.ActiveCfg = Debug|Any CPU
		{B82381F5-A5A1-42FF-990E-E8EC03C06583}.Debug|Any CPU.Build.0 = Debug|Any CPU
		{B82381F5-A5A1-42FF-990E-E8EC03C06583}.Debug|x64.ActiveCfg = Debug|x64
		{B82381F5-A5A1-42FF-990E-E8EC03C06583}.Debug|x64.Build.0 = Debug|x64
		{B82381F5-A5A1-42FF-990E-E8EC03C06583}.Debug|x86.ActiveCfg = Debug|x86
		{B82381F5-A5A1-42FF-990E-E8EC03C06583}.Debug|x86.Build.0 = Debug|x86
		{B82381F5-A5A1-42FF-990E-E8EC03C06583}.Release|Any CPU.ActiveCfg = Release|Any CPU
		{B82381F5-A5A1-42FF-990E-E8EC03C06583}.Release|Any CPU.Build.0 = Release|Any CPU
		{B82381F5-A5A1-42FF-990E-E8EC03C06583}.Release|x64.ActiveCfg = Release|x64
		{B82381F5-A5A1-42FF-990E-E8EC03C06583}.Release|x64.Build.0 = Release|x64
		{B82381F5-A5A1-42FF-990E-E8EC03C06583}.Release|x86.ActiveCfg = Release|x86
		{B82381F5-A5A1-42FF-990E-E8EC03C06583}.Release|x86.Build.0 = Release|x86
		{3548E32A-9374-45A5-9D37-8BDE1520B055}.Debug|Any CPU.ActiveCfg = Debug|Any CPU
		{3548E32A-9374-45A5-9D37-8BDE1520B055}.Debug|Any CPU.Build.0 = Debug|Any CPU
		{3548E32A-9374-45A5-9D37-8BDE1520B055}.Debug|x64.ActiveCfg = Debug|Any CPU
		{3548E32A-9374-45A5-9D37-8BDE1520B055}.Debug|x64.Build.0 = Debug|Any CPU
		{3548E32A-9374-45A5-9D37-8BDE1520B055}.Debug|x86.ActiveCfg = Debug|Any CPU
		{3548E32A-9374-45A5-9D37-8BDE1520B055}.Debug|x86.Build.0 = Debug|Any CPU
		{3548E32A-9374-45A5-9D37-8BDE1520B055}.Release|Any CPU.ActiveCfg = Release|Any CPU
		{3548E32A-9374-45A5-9D37-8BDE1520B055}.Release|Any CPU.Build.0 = Release|Any CPU
		{3548E32A-9374-45A5-9D37-8BDE1520B055}.Release|x64.ActiveCfg = Release|Any CPU
		{3548E32A-9374-45A5-9D37-8BDE1520B055}.Release|x64.Build.0 = Release|Any CPU
		{3548E32A-9374-45A5-9D37-8BDE1520B055}.Release|x86.ActiveCfg = Release|Any CPU
		{3548E32A-9374-45A5-9D37-8BDE1520B055}.Release|x86.Build.0 = Release|Any CPU
		{6BB77E58-D783-44C9-92A9-2A1F237D7A60}.Debug|Any CPU.ActiveCfg = Debug|Any CPU
		{6BB77E58-D783-44C9-92A9-2A1F237D7A60}.Debug|Any CPU.Build.0 = Debug|Any CPU
		{6BB77E58-D783-44C9-92A9-2A1F237D7A60}.Debug|x64.ActiveCfg = Debug|x64
		{6BB77E58-D783-44C9-92A9-2A1F237D7A60}.Debug|x64.Build.0 = Debug|x64
		{6BB77E58-D783-44C9-92A9-2A1F237D7A60}.Debug|x86.ActiveCfg = Debug|x86
		{6BB77E58-D783-44C9-92A9-2A1F237D7A60}.Debug|x86.Build.0 = Debug|x86
		{6BB77E58-D783-44C9-92A9-2A1F237D7A60}.Release|Any CPU.ActiveCfg = Release|Any CPU
		{6BB77E58-D783-44C9-92A9-2A1F237D7A60}.Release|Any CPU.Build.0 = Release|Any CPU
		{6BB77E58-D783-44C9-92A9-2A1F237D7A60}.Release|x64.ActiveCfg = Release|x64
		{6BB77E58-D783-44C9-92A9-2A1F237D7A60}.Release|x64.Build.0 = Release|x64
		{6BB77E58-D783-44C9-92A9-2A1F237D7A60}.Release|x86.ActiveCfg = Release|x86
		{6BB77E58-D783-44C9-92A9-2A1F237D7A60}.Release|x86.Build.0 = Release|x86
	EndGlobalSection
	GlobalSection(SolutionProperties) = preSolution
		HideSolutionNode = FALSE
	EndGlobalSection
	GlobalSection(NestedProjects) = preSolution
		{26CAC58D-DD2E-4942-B7DC-C60C58813131} = {2DA43B35-41AA-42A6-A58A-8780AAF4B406}
	EndGlobalSection
EndGlobal
