
Microsoft Visual Studio Solution File, Format Version 12.00
# Visual Studio 14
VisualStudioVersion = 14.0.25420.1
MinimumVisualStudioVersion = 10.0.40219.1
Project("{FAE04EC0-301F-11D3-BF4B-00C04F79EFBC}") = "Norma", "Norma\Norma.csproj", "{B82381F5-A5A1-42FF-990E-E8EC03C06583}"
EndProject
Project("{FAE04EC0-301F-11D3-BF4B-00C04F79EFBC}") = "Norma.Gamma", "Norma.Gamma\Norma.Gamma.csproj", "{3548E32A-9374-45A5-9D37-8BDE1520B055}"
EndProject
Project("{2150E333-8FDC-42A3-9474-1A3956D46DE8}") = "SolutionItems", "SolutionItems", "{2DA43B35-41AA-42A6-A58A-8780AAF4B406}"
	ProjectSection(SolutionItems) = preProject
		..\.gitattributes = ..\.gitattributes
		..\.gitignore = ..\.gitignore
		..\alpha.txt = ..\alpha.txt
		..\LICENSE = ..\LICENSE
		..\migration.txt = ..\migration.txt
		..\README.en.md = ..\README.en.md
		..\README.md = ..\README.md
	EndProjectSection
EndProject
Project("{FAE04EC0-301F-11D3-BF4B-00C04F79EFBC}") = "Norma.Ipsilon", "Norma.Ipsilon\Norma.Ipsilon.csproj", "{6BB77E58-D783-44C9-92A9-2A1F237D7A60}"
EndProject
Project("{FAE04EC0-301F-11D3-BF4B-00C04F79EFBC}") = "Norma.Iota", "Norma.Iota\Norma.Iota.csproj", "{40B53D9A-3F37-450F-9CA9-4E8E1CBFE08D}"
EndProject
Project("{FAE04EC0-301F-11D3-BF4B-00C04F79EFBC}") = "Norma.Eta", "Norma.Eta\Norma.Eta.csproj", "{EBE2DF20-507C-4071-846B-88E7C3A459E8}"
EndProject
Project("{2150E333-8FDC-42A3-9474-1A3956D46DE8}") = "Assemblies", "Assemblies", "{F460236E-D631-466D-9DA9-8D59ACF915F6}"
	ProjectSection(SolutionItems) = preProject
		..\Assemblies\DesktopToast.dll = ..\Assemblies\DesktopToast.dll
		..\Assemblies\DesktopToast.xml = ..\Assemblies\DesktopToast.xml
		..\Assemblies\Vannatech.CoreAudio.dll = ..\Assemblies\Vannatech.CoreAudio.dll
	EndProjectSection
EndProject
Project("{2150E333-8FDC-42A3-9474-1A3956D46DE8}") = "Packaging", "Packaging", "{EE6CA734-2AD7-41DA-8730-60C992094B09}"
	ProjectSection(SolutionItems) = preProject
		..\Packaging\dist.ps1 = ..\Packaging\dist.ps1
	EndProjectSection
EndProject
Project("{2150E333-8FDC-42A3-9474-1A3956D46DE8}") = "Resources", "Resources", "{E7853467-6D72-4565-B479-4D68B07F365E}"
EndProject
Project("{2150E333-8FDC-42A3-9474-1A3956D46DE8}") = "x64", "x64", "{C970333A-C0F5-4C0F-97B7-5522FF1DF0B0}"
	ProjectSection(SolutionItems) = preProject
		..\Assemblies\x64\SQLite.Interop.dll = ..\Assemblies\x64\SQLite.Interop.dll
	EndProjectSection
EndProject
Project("{2150E333-8FDC-42A3-9474-1A3956D46DE8}") = "x86", "x86", "{3CF3F7B2-A371-4AB1-A63F-DF204506233F}"
	ProjectSection(SolutionItems) = preProject
		..\Assemblies\x86\SQLite.Interop.dll = ..\Assemblies\x86\SQLite.Interop.dll
	EndProjectSection
EndProject
Project("{2150E333-8FDC-42A3-9474-1A3956D46DE8}") = "data", "data", "{4F723C50-7ECE-4738-83C5-AC566CC40797}"
	ProjectSection(SolutionItems) = preProject
		..\Resources\data\norma.ai = ..\Resources\data\norma.ai
	EndProjectSection
EndProject
Project("{2150E333-8FDC-42A3-9474-1A3956D46DE8}") = "norma", "norma", "{9DA6A211-D71C-41CD-82A8-B9B22E5FA81A}"
	ProjectSection(SolutionItems) = preProject
		..\Resources\norma\128.png = ..\Resources\norma\128.png
		..\Resources\norma\16.png = ..\Resources\norma\16.png
		..\Resources\norma\20.png = ..\Resources\norma\20.png
		..\Resources\norma\24.png = ..\Resources\norma\24.png
		..\Resources\norma\256.png = ..\Resources\norma\256.png
		..\Resources\norma\32.png = ..\Resources\norma\32.png
		..\Resources\norma\40.png = ..\Resources\norma\40.png
		..\Resources\norma\48.png = ..\Resources\norma\48.png
		..\Resources\norma\64.png = ..\Resources\norma\64.png
		..\Resources\norma\app.ico = ..\Resources\norma\app.ico
	EndProjectSection
EndProject
Project("{2150E333-8FDC-42A3-9474-1A3956D46DE8}") = "iota", "iota", "{32F215CC-7953-4C8F-9867-93F51AD13E8B}"
	ProjectSection(SolutionItems) = preProject
		..\Resources\iota\128.png = ..\Resources\iota\128.png
		..\Resources\iota\16.png = ..\Resources\iota\16.png
		..\Resources\iota\20.png = ..\Resources\iota\20.png
		..\Resources\iota\24.png = ..\Resources\iota\24.png
		..\Resources\iota\256.png = ..\Resources\iota\256.png
		..\Resources\iota\32.png = ..\Resources\iota\32.png
		..\Resources\iota\40.png = ..\Resources\iota\40.png
		..\Resources\iota\48.png = ..\Resources\iota\48.png
		..\Resources\iota\64.png = ..\Resources\iota\64.png
		..\Resources\iota\app.ico = ..\Resources\iota\app.ico
	EndProjectSection
EndProject
Project("{FAE04EC0-301F-11D3-BF4B-00C04F79EFBC}") = "Norma.Delta", "Norma.Delta\Norma.Delta.csproj", "{60DFB1AB-7891-4A93-83EC-1AAACB0C861B}"
EndProject
Project("{FAE04EC0-301F-11D3-BF4B-00C04F79EFBC}") = "Norma.Kappa", "Norma.Kappa\Norma.Kappa.csproj", "{03515EC7-C5AA-4226-BAAF-26CEFA5D214C}"
EndProject
Project("{8BC9CEB8-8B4A-11D0-8D11-00A0C91BC942}") = "Norma.Theta", "Norma.Theta\Norma.Theta.vcxproj", "{36408B86-A790-4A98-96DD-8A40BCE6EE72}"
EndProject
Global
	GlobalSection(SolutionConfigurationPlatforms) = preSolution
		Debug|Any CPU = Debug|Any CPU
		Debug|x64 = Debug|x64
		Debug|x86 = Debug|x86
		Release|Any CPU = Release|Any CPU
		Release|x64 = Release|x64
		Release|x86 = Release|x86
	EndGlobalSection
	GlobalSection(ProjectConfigurationPlatforms) = postSolution
		{B82381F5-A5A1-42FF-990E-E8EC03C06583}.Debug|Any CPU.ActiveCfg = Debug|Any CPU
		{B82381F5-A5A1-42FF-990E-E8EC03C06583}.Debug|Any CPU.Build.0 = Debug|Any CPU
		{B82381F5-A5A1-42FF-990E-E8EC03C06583}.Debug|x64.ActiveCfg = Debug|x64
		{B82381F5-A5A1-42FF-990E-E8EC03C06583}.Debug|x64.Build.0 = Debug|x64
		{B82381F5-A5A1-42FF-990E-E8EC03C06583}.Debug|x86.ActiveCfg = Debug|x86
		{B82381F5-A5A1-42FF-990E-E8EC03C06583}.Debug|x86.Build.0 = Debug|x86
		{B82381F5-A5A1-42FF-990E-E8EC03C06583}.Release|Any CPU.ActiveCfg = Release|Any CPU
		{B82381F5-A5A1-42FF-990E-E8EC03C06583}.Release|Any CPU.Build.0 = Release|Any CPU
		{B82381F5-A5A1-42FF-990E-E8EC03C06583}.Release|x64.ActiveCfg = Release|x64
		{B82381F5-A5A1-42FF-990E-E8EC03C06583}.Release|x64.Build.0 = Release|x64
		{B82381F5-A5A1-42FF-990E-E8EC03C06583}.Release|x86.ActiveCfg = Release|x86
		{B82381F5-A5A1-42FF-990E-E8EC03C06583}.Release|x86.Build.0 = Release|x86
		{3548E32A-9374-45A5-9D37-8BDE1520B055}.Debug|Any CPU.ActiveCfg = Debug|Any CPU
		{3548E32A-9374-45A5-9D37-8BDE1520B055}.Debug|Any CPU.Build.0 = Debug|Any CPU
		{3548E32A-9374-45A5-9D37-8BDE1520B055}.Debug|x64.ActiveCfg = Debug|Any CPU
		{3548E32A-9374-45A5-9D37-8BDE1520B055}.Debug|x64.Build.0 = Debug|Any CPU
		{3548E32A-9374-45A5-9D37-8BDE1520B055}.Debug|x86.ActiveCfg = Debug|Any CPU
		{3548E32A-9374-45A5-9D37-8BDE1520B055}.Debug|x86.Build.0 = Debug|Any CPU
		{3548E32A-9374-45A5-9D37-8BDE1520B055}.Release|Any CPU.ActiveCfg = Release|Any CPU
		{3548E32A-9374-45A5-9D37-8BDE1520B055}.Release|Any CPU.Build.0 = Release|Any CPU
		{3548E32A-9374-45A5-9D37-8BDE1520B055}.Release|x64.ActiveCfg = Release|Any CPU
		{3548E32A-9374-45A5-9D37-8BDE1520B055}.Release|x64.Build.0 = Release|Any CPU
		{3548E32A-9374-45A5-9D37-8BDE1520B055}.Release|x86.ActiveCfg = Release|Any CPU
		{3548E32A-9374-45A5-9D37-8BDE1520B055}.Release|x86.Build.0 = Release|Any CPU
		{6BB77E58-D783-44C9-92A9-2A1F237D7A60}.Debug|Any CPU.ActiveCfg = Debug|Any CPU
		{6BB77E58-D783-44C9-92A9-2A1F237D7A60}.Debug|Any CPU.Build.0 = Debug|Any CPU
		{6BB77E58-D783-44C9-92A9-2A1F237D7A60}.Debug|x64.ActiveCfg = Debug|x64
		{6BB77E58-D783-44C9-92A9-2A1F237D7A60}.Debug|x64.Build.0 = Debug|x64
		{6BB77E58-D783-44C9-92A9-2A1F237D7A60}.Debug|x86.ActiveCfg = Debug|x86
		{6BB77E58-D783-44C9-92A9-2A1F237D7A60}.Debug|x86.Build.0 = Debug|x86
		{6BB77E58-D783-44C9-92A9-2A1F237D7A60}.Release|Any CPU.ActiveCfg = Release|Any CPU
		{6BB77E58-D783-44C9-92A9-2A1F237D7A60}.Release|Any CPU.Build.0 = Release|Any CPU
		{6BB77E58-D783-44C9-92A9-2A1F237D7A60}.Release|x64.ActiveCfg = Release|x64
		{6BB77E58-D783-44C9-92A9-2A1F237D7A60}.Release|x64.Build.0 = Release|x64
		{6BB77E58-D783-44C9-92A9-2A1F237D7A60}.Release|x86.ActiveCfg = Release|x86
		{6BB77E58-D783-44C9-92A9-2A1F237D7A60}.Release|x86.Build.0 = Release|x86
		{40B53D9A-3F37-450F-9CA9-4E8E1CBFE08D}.Debug|Any CPU.ActiveCfg = Debug|Any CPU
		{40B53D9A-3F37-450F-9CA9-4E8E1CBFE08D}.Debug|Any CPU.Build.0 = Debug|Any CPU
		{40B53D9A-3F37-450F-9CA9-4E8E1CBFE08D}.Debug|x64.ActiveCfg = Debug|x64
		{40B53D9A-3F37-450F-9CA9-4E8E1CBFE08D}.Debug|x64.Build.0 = Debug|x64
		{40B53D9A-3F37-450F-9CA9-4E8E1CBFE08D}.Debug|x86.ActiveCfg = Debug|x86
		{40B53D9A-3F37-450F-9CA9-4E8E1CBFE08D}.Debug|x86.Build.0 = Debug|x86
		{40B53D9A-3F37-450F-9CA9-4E8E1CBFE08D}.Release|Any CPU.ActiveCfg = Release|Any CPU
		{40B53D9A-3F37-450F-9CA9-4E8E1CBFE08D}.Release|Any CPU.Build.0 = Release|Any CPU
		{40B53D9A-3F37-450F-9CA9-4E8E1CBFE08D}.Release|x64.ActiveCfg = Release|x64
		{40B53D9A-3F37-450F-9CA9-4E8E1CBFE08D}.Release|x64.Build.0 = Release|x64
		{40B53D9A-3F37-450F-9CA9-4E8E1CBFE08D}.Release|x86.ActiveCfg = Release|x86
		{40B53D9A-3F37-450F-9CA9-4E8E1CBFE08D}.Release|x86.Build.0 = Release|x86
		{EBE2DF20-507C-4071-846B-88E7C3A459E8}.Debug|Any CPU.ActiveCfg = Debug|Any CPU
		{EBE2DF20-507C-4071-846B-88E7C3A459E8}.Debug|Any CPU.Build.0 = Debug|Any CPU
		{EBE2DF20-507C-4071-846B-88E7C3A459E8}.Debug|x64.ActiveCfg = Debug|Any CPU
		{EBE2DF20-507C-4071-846B-88E7C3A459E8}.Debug|x64.Build.0 = Debug|Any CPU
		{EBE2DF20-507C-4071-846B-88E7C3A459E8}.Debug|x86.ActiveCfg = Debug|Any CPU
		{EBE2DF20-507C-4071-846B-88E7C3A459E8}.Debug|x86.Build.0 = Debug|Any CPU
		{EBE2DF20-507C-4071-846B-88E7C3A459E8}.Release|Any CPU.ActiveCfg = Release|Any CPU
		{EBE2DF20-507C-4071-846B-88E7C3A459E8}.Release|Any CPU.Build.0 = Release|Any CPU
		{EBE2DF20-507C-4071-846B-88E7C3A459E8}.Release|x64.ActiveCfg = Release|Any CPU
		{EBE2DF20-507C-4071-846B-88E7C3A459E8}.Release|x64.Build.0 = Release|Any CPU
		{EBE2DF20-507C-4071-846B-88E7C3A459E8}.Release|x86.ActiveCfg = Release|Any CPU
		{EBE2DF20-507C-4071-846B-88E7C3A459E8}.Release|x86.Build.0 = Release|Any CPU
		{60DFB1AB-7891-4A93-83EC-1AAACB0C861B}.Debug|Any CPU.ActiveCfg = Debug|Any CPU
		{60DFB1AB-7891-4A93-83EC-1AAACB0C861B}.Debug|Any CPU.Build.0 = Debug|Any CPU
		{60DFB1AB-7891-4A93-83EC-1AAACB0C861B}.Debug|x64.ActiveCfg = Debug|Any CPU
		{60DFB1AB-7891-4A93-83EC-1AAACB0C861B}.Debug|x64.Build.0 = Debug|Any CPU
		{60DFB1AB-7891-4A93-83EC-1AAACB0C861B}.Debug|x86.ActiveCfg = Debug|Any CPU
		{60DFB1AB-7891-4A93-83EC-1AAACB0C861B}.Debug|x86.Build.0 = Debug|Any CPU
		{60DFB1AB-7891-4A93-83EC-1AAACB0C861B}.Release|Any CPU.ActiveCfg = Release|Any CPU
		{60DFB1AB-7891-4A93-83EC-1AAACB0C861B}.Release|Any CPU.Build.0 = Release|Any CPU
		{60DFB1AB-7891-4A93-83EC-1AAACB0C861B}.Release|x64.ActiveCfg = Release|Any CPU
		{60DFB1AB-7891-4A93-83EC-1AAACB0C861B}.Release|x64.Build.0 = Release|Any CPU
		{60DFB1AB-7891-4A93-83EC-1AAACB0C861B}.Release|x86.ActiveCfg = Release|Any CPU
		{60DFB1AB-7891-4A93-83EC-1AAACB0C861B}.Release|x86.Build.0 = Release|Any CPU
		{03515EC7-C5AA-4226-BAAF-26CEFA5D214C}.Debug|Any CPU.ActiveCfg = Debug|Any CPU
		{03515EC7-C5AA-4226-BAAF-26CEFA5D214C}.Debug|Any CPU.Build.0 = Debug|Any CPU
		{03515EC7-C5AA-4226-BAAF-26CEFA5D214C}.Debug|x64.ActiveCfg = Debug|Any CPU
		{03515EC7-C5AA-4226-BAAF-26CEFA5D214C}.Debug|x64.Build.0 = Debug|Any CPU
		{03515EC7-C5AA-4226-BAAF-26CEFA5D214C}.Debug|x86.ActiveCfg = Debug|Any CPU
		{03515EC7-C5AA-4226-BAAF-26CEFA5D214C}.Debug|x86.Build.0 = Debug|Any CPU
		{03515EC7-C5AA-4226-BAAF-26CEFA5D214C}.Release|Any CPU.ActiveCfg = Release|Any CPU
		{03515EC7-C5AA-4226-BAAF-26CEFA5D214C}.Release|Any CPU.Build.0 = Release|Any CPU
		{03515EC7-C5AA-4226-BAAF-26CEFA5D214C}.Release|x64.ActiveCfg = Release|Any CPU
		{03515EC7-C5AA-4226-BAAF-26CEFA5D214C}.Release|x64.Build.0 = Release|Any CPU
		{03515EC7-C5AA-4226-BAAF-26CEFA5D214C}.Release|x86.ActiveCfg = Release|Any CPU
		{03515EC7-C5AA-4226-BAAF-26CEFA5D214C}.Release|x86.Build.0 = Release|Any CPU
		{36408B86-A790-4A98-96DD-8A40BCE6EE72}.Debug|Any CPU.ActiveCfg = Debug|Win32
		{36408B86-A790-4A98-96DD-8A40BCE6EE72}.Debug|x64.ActiveCfg = Debug|x64
		{36408B86-A790-4A98-96DD-8A40BCE6EE72}.Debug|x64.Build.0 = Debug|x64
		{36408B86-A790-4A98-96DD-8A40BCE6EE72}.Debug|x86.ActiveCfg = Debug|Win32
		{36408B86-A790-4A98-96DD-8A40BCE6EE72}.Debug|x86.Build.0 = Debug|Win32
		{36408B86-A790-4A98-96DD-8A40BCE6EE72}.Release|Any CPU.ActiveCfg = Release|Win32
		{36408B86-A790-4A98-96DD-8A40BCE6EE72}.Release|x64.ActiveCfg = Release|x64
		{36408B86-A790-4A98-96DD-8A40BCE6EE72}.Release|x64.Build.0 = Release|x64
		{36408B86-A790-4A98-96DD-8A40BCE6EE72}.Release|x86.ActiveCfg = Release|Win32
		{36408B86-A790-4A98-96DD-8A40BCE6EE72}.Release|x86.Build.0 = Release|Win32
	EndGlobalSection
	GlobalSection(SolutionProperties) = preSolution
		HideSolutionNode = FALSE
	EndGlobalSection
	GlobalSection(NestedProjects) = preSolution
		{F460236E-D631-466D-9DA9-8D59ACF915F6} = {2DA43B35-41AA-42A6-A58A-8780AAF4B406}
		{EE6CA734-2AD7-41DA-8730-60C992094B09} = {2DA43B35-41AA-42A6-A58A-8780AAF4B406}
		{E7853467-6D72-4565-B479-4D68B07F365E} = {2DA43B35-41AA-42A6-A58A-8780AAF4B406}
		{C970333A-C0F5-4C0F-97B7-5522FF1DF0B0} = {F460236E-D631-466D-9DA9-8D59ACF915F6}
		{3CF3F7B2-A371-4AB1-A63F-DF204506233F} = {F460236E-D631-466D-9DA9-8D59ACF915F6}
		{4F723C50-7ECE-4738-83C5-AC566CC40797} = {E7853467-6D72-4565-B479-4D68B07F365E}
		{9DA6A211-D71C-41CD-82A8-B9B22E5FA81A} = {E7853467-6D72-4565-B479-4D68B07F365E}
		{32F215CC-7953-4C8F-9867-93F51AD13E8B} = {E7853467-6D72-4565-B479-4D68B07F365E}
	EndGlobalSection
EndGlobal
